
Microsoft Visual Studio Solution File, Format Version 12.00
# Visual Studio Version 16
VisualStudioVersion = 16.0.29230.47
MinimumVisualStudioVersion = 10.0.40219.1
Project("{888888A0-9F3D-457C-B088-3A5042F75D52}") = "timetrackerServer", "timetrackerServer\timetrackerServer.pyproj", "{F5BF8DEF-34B5-489F-BEDB-256D6AEFEAE0}"
EndProject
Global
	GlobalSection(SolutionConfigurationPlatforms) = preSolution
		Debug|Any CPU = Debug|Any CPU
		Release|Any CPU = Release|Any CPU
	EndGlobalSection
	GlobalSection(ProjectConfigurationPlatforms) = postSolution
		{F5BF8DEF-34B5-489F-BEDB-256D6AEFEAE0}.Debug|Any CPU.ActiveCfg = Debug|Any CPU
		{F5BF8DEF-34B5-489F-BEDB-256D6AEFEAE0}.Release|Any CPU.ActiveCfg = Release|Any CPU
	EndGlobalSection
	GlobalSection(SolutionProperties) = preSolution
		HideSolutionNode = FALSE
	EndGlobalSection
	GlobalSection(ExtensibilityGlobals) = postSolution
		SolutionGuid = {5FE531A1-AB62-4740-8F49-2149D5CB27B0}
	EndGlobalSection
EndGlobal
